
Microsoft Visual Studio Solution File, Format Version 12.00
# Visual Studio Version 16
VisualStudioVersion = 16.0.31129.286
MinimumVisualStudioVersion = 10.0.40219.1
Project("{FAE04EC0-301F-11D3-BF4B-00C04F79EFBC}") = "ANBY_OCR", "ANBY_OCR\ANBY_OCR.csproj", "{8F2E050A-6BBD-4A4F-A680-F45653E8FD6C}"
EndProject
Global
	GlobalSection(SolutionConfigurationPlatforms) = preSolution
		Debug|Any CPU = Debug|Any CPU
		Release|Any CPU = Release|Any CPU
	EndGlobalSection
	GlobalSection(ProjectConfigurationPlatforms) = postSolution
		{8F2E050A-6BBD-4A4F-A680-F45653E8FD6C}.Debug|Any CPU.ActiveCfg = Debug|Any CPU
		{8F2E050A-6BBD-4A4F-A680-F45653E8FD6C}.Debug|Any CPU.Build.0 = Debug|Any CPU
		{8F2E050A-6BBD-4A4F-A680-F45653E8FD6C}.Release|Any CPU.ActiveCfg = Release|Any CPU
		{8F2E050A-6BBD-4A4F-A680-F45653E8FD6C}.Release|Any CPU.Build.0 = Release|Any CPU
	EndGlobalSection
	GlobalSection(SolutionProperties) = preSolution
		HideSolutionNode = FALSE
	EndGlobalSection
	GlobalSection(ExtensibilityGlobals) = postSolution
		SolutionGuid = {1B5AB8F7-8119-4CD9-A7D6-1D38544ECFD6}
	EndGlobalSection
EndGlobal
